
Microsoft Visual Studio Solution File, Format Version 12.00
# Visual Studio 15
VisualStudioVersion = 15.0.28307.572
MinimumVisualStudioVersion = 10.0.40219.1
Project("{FAE04EC0-301F-11D3-BF4B-00C04F79EFBC}") = "UWPClient", "UWPClient\UWPClient.csproj", "{01ECA898-843B-420C-93D5-1C1B987D0A04}"
EndProject
Project("{C7167F0D-BC9F-4E6E-AFE1-012C56B48DB5}") = "AppxPackaging", "AppxPackaging\AppxPackaging.wapproj", "{1D105009-660C-4ADD-896C-92382E1D8AE0}"
EndProject
Project("{FAE04EC0-301F-11D3-BF4B-00C04F79EFBC}") = "BackgroundProcess", "BackgroundProcess\BackgroundProcess.csproj", "{73422E05-360E-43B8-9A1C-EA018A827A7C}"
EndProject
Project("{FAE04EC0-301F-11D3-BF4B-00C04F79EFBC}") = "Launcher", "Launcher\Launcher.csproj", "{C5355B52-2582-4EFD-A8B2-9492DFCBA339}"
EndProject
Global
	GlobalSection(SolutionConfigurationPlatforms) = preSolution
		Debug|Any CPU = Debug|Any CPU
		Debug|ARM = Debug|ARM
		Debug|ARM64 = Debug|ARM64
		Debug|x64 = Debug|x64
		Debug|x86 = Debug|x86
		Release|Any CPU = Release|Any CPU
		Release|ARM = Release|ARM
		Release|ARM64 = Release|ARM64
		Release|x64 = Release|x64
		Release|x86 = Release|x86
	EndGlobalSection
	GlobalSection(ProjectConfigurationPlatforms) = postSolution
		{01ECA898-843B-420C-93D5-1C1B987D0A04}.Debug|Any CPU.ActiveCfg = Debug|x86
		{01ECA898-843B-420C-93D5-1C1B987D0A04}.Debug|Any CPU.Build.0 = Debug|x86
		{01ECA898-843B-420C-93D5-1C1B987D0A04}.Debug|ARM.ActiveCfg = Debug|ARM
		{01ECA898-843B-420C-93D5-1C1B987D0A04}.Debug|ARM.Build.0 = Debug|ARM
		{01ECA898-843B-420C-93D5-1C1B987D0A04}.Debug|ARM.Deploy.0 = Debug|ARM
		{01ECA898-843B-420C-93D5-1C1B987D0A04}.Debug|ARM64.ActiveCfg = Debug|ARM64
		{01ECA898-843B-420C-93D5-1C1B987D0A04}.Debug|ARM64.Build.0 = Debug|ARM64
		{01ECA898-843B-420C-93D5-1C1B987D0A04}.Debug|ARM64.Deploy.0 = Debug|ARM64
		{01ECA898-843B-420C-93D5-1C1B987D0A04}.Debug|x64.ActiveCfg = Debug|x64
		{01ECA898-843B-420C-93D5-1C1B987D0A04}.Debug|x64.Build.0 = Debug|x64
		{01ECA898-843B-420C-93D5-1C1B987D0A04}.Debug|x64.Deploy.0 = Debug|x64
		{01ECA898-843B-420C-93D5-1C1B987D0A04}.Debug|x86.ActiveCfg = Debug|x86
		{01ECA898-843B-420C-93D5-1C1B987D0A04}.Debug|x86.Build.0 = Debug|x86
		{01ECA898-843B-420C-93D5-1C1B987D0A04}.Release|Any CPU.ActiveCfg = Release|x86
		{01ECA898-843B-420C-93D5-1C1B987D0A04}.Release|ARM.ActiveCfg = Release|ARM
		{01ECA898-843B-420C-93D5-1C1B987D0A04}.Release|ARM.Build.0 = Release|ARM
		{01ECA898-843B-420C-93D5-1C1B987D0A04}.Release|ARM.Deploy.0 = Release|ARM
		{01ECA898-843B-420C-93D5-1C1B987D0A04}.Release|ARM64.ActiveCfg = Release|ARM64
		{01ECA898-843B-420C-93D5-1C1B987D0A04}.Release|ARM64.Build.0 = Release|ARM64
		{01ECA898-843B-420C-93D5-1C1B987D0A04}.Release|ARM64.Deploy.0 = Release|ARM64
		{01ECA898-843B-420C-93D5-1C1B987D0A04}.Release|x64.ActiveCfg = Release|x64
		{01ECA898-843B-420C-93D5-1C1B987D0A04}.Release|x64.Build.0 = Release|x64
		{01ECA898-843B-420C-93D5-1C1B987D0A04}.Release|x64.Deploy.0 = Release|x64
		{01ECA898-843B-420C-93D5-1C1B987D0A04}.Release|x86.ActiveCfg = Release|x86
		{01ECA898-843B-420C-93D5-1C1B987D0A04}.Release|x86.Build.0 = Release|x86
		{01ECA898-843B-420C-93D5-1C1B987D0A04}.Release|x86.Deploy.0 = Release|x86
		{1D105009-660C-4ADD-896C-92382E1D8AE0}.Debug|Any CPU.ActiveCfg = Debug|x86
		{1D105009-660C-4ADD-896C-92382E1D8AE0}.Debug|Any CPU.Build.0 = Debug|x86
		{1D105009-660C-4ADD-896C-92382E1D8AE0}.Debug|Any CPU.Deploy.0 = Debug|x86
		{1D105009-660C-4ADD-896C-92382E1D8AE0}.Debug|ARM.ActiveCfg = Debug|Any CPU
		{1D105009-660C-4ADD-896C-92382E1D8AE0}.Debug|ARM.Build.0 = Debug|Any CPU
		{1D105009-660C-4ADD-896C-92382E1D8AE0}.Debug|ARM.Deploy.0 = Debug|Any CPU
		{1D105009-660C-4ADD-896C-92382E1D8AE0}.Debug|ARM64.ActiveCfg = Debug|Any CPU
		{1D105009-660C-4ADD-896C-92382E1D8AE0}.Debug|ARM64.Build.0 = Debug|Any CPU
		{1D105009-660C-4ADD-896C-92382E1D8AE0}.Debug|ARM64.Deploy.0 = Debug|Any CPU
		{1D105009-660C-4ADD-896C-92382E1D8AE0}.Debug|x64.ActiveCfg = Debug|x64
		{1D105009-660C-4ADD-896C-92382E1D8AE0}.Debug|x64.Build.0 = Debug|x64
		{1D105009-660C-4ADD-896C-92382E1D8AE0}.Debug|x64.Deploy.0 = Debug|x64
		{1D105009-660C-4ADD-896C-92382E1D8AE0}.Debug|x86.ActiveCfg = Debug|x86
		{1D105009-660C-4ADD-896C-92382E1D8AE0}.Debug|x86.Build.0 = Debug|x86
		{1D105009-660C-4ADD-896C-92382E1D8AE0}.Debug|x86.Deploy.0 = Debug|x86
		{1D105009-660C-4ADD-896C-92382E1D8AE0}.Release|Any CPU.ActiveCfg = Release|Any CPU
		{1D105009-660C-4ADD-896C-92382E1D8AE0}.Release|Any CPU.Build.0 = Release|Any CPU
		{1D105009-660C-4ADD-896C-92382E1D8AE0}.Release|Any CPU.Deploy.0 = Release|Any CPU
		{1D105009-660C-4ADD-896C-92382E1D8AE0}.Release|ARM.ActiveCfg = Release|Any CPU
		{1D105009-660C-4ADD-896C-92382E1D8AE0}.Release|ARM.Build.0 = Release|Any CPU
		{1D105009-660C-4ADD-896C-92382E1D8AE0}.Release|ARM.Deploy.0 = Release|Any CPU
		{1D105009-660C-4ADD-896C-92382E1D8AE0}.Release|ARM64.ActiveCfg = Release|Any CPU
		{1D105009-660C-4ADD-896C-92382E1D8AE0}.Release|ARM64.Build.0 = Release|Any CPU
		{1D105009-660C-4ADD-896C-92382E1D8AE0}.Release|ARM64.Deploy.0 = Release|Any CPU
		{1D105009-660C-4ADD-896C-92382E1D8AE0}.Release|x64.ActiveCfg = Release|x64
		{1D105009-660C-4ADD-896C-92382E1D8AE0}.Release|x64.Build.0 = Release|x64
		{1D105009-660C-4ADD-896C-92382E1D8AE0}.Release|x64.Deploy.0 = Release|x64
		{1D105009-660C-4ADD-896C-92382E1D8AE0}.Release|x86.ActiveCfg = Release|x86
		{1D105009-660C-4ADD-896C-92382E1D8AE0}.Release|x86.Build.0 = Release|x86
		{1D105009-660C-4ADD-896C-92382E1D8AE0}.Release|x86.Deploy.0 = Release|x86
		{73422E05-360E-43B8-9A1C-EA018A827A7C}.Debug|Any CPU.ActiveCfg = Debug|Any CPU
		{73422E05-360E-43B8-9A1C-EA018A827A7C}.Debug|Any CPU.Build.0 = Debug|Any CPU
		{73422E05-360E-43B8-9A1C-EA018A827A7C}.Debug|ARM.ActiveCfg = Debug|Any CPU
		{73422E05-360E-43B8-9A1C-EA018A827A7C}.Debug|ARM.Build.0 = Debug|Any CPU
		{73422E05-360E-43B8-9A1C-EA018A827A7C}.Debug|ARM64.ActiveCfg = Debug|Any CPU
		{73422E05-360E-43B8-9A1C-EA018A827A7C}.Debug|ARM64.Build.0 = Debug|Any CPU
		{73422E05-360E-43B8-9A1C-EA018A827A7C}.Debug|x64.ActiveCfg = Debug|Any CPU
		{73422E05-360E-43B8-9A1C-EA018A827A7C}.Debug|x64.Build.0 = Debug|Any CPU
		{73422E05-360E-43B8-9A1C-EA018A827A7C}.Debug|x86.ActiveCfg = Debug|Any CPU
		{73422E05-360E-43B8-9A1C-EA018A827A7C}.Debug|x86.Build.0 = Debug|Any CPU
		{73422E05-360E-43B8-9A1C-EA018A827A7C}.Release|Any CPU.ActiveCfg = Release|Any CPU
		{73422E05-360E-43B8-9A1C-EA018A827A7C}.Release|Any CPU.Build.0 = Release|Any CPU
		{73422E05-360E-43B8-9A1C-EA018A827A7C}.Release|ARM.ActiveCfg = Release|Any CPU
		{73422E05-360E-43B8-9A1C-EA018A827A7C}.Release|ARM.Build.0 = Release|Any CPU
		{73422E05-360E-43B8-9A1C-EA018A827A7C}.Release|ARM64.ActiveCfg = Release|Any CPU
		{73422E05-360E-43B8-9A1C-EA018A827A7C}.Release|ARM64.Build.0 = Release|Any CPU
		{73422E05-360E-43B8-9A1C-EA018A827A7C}.Release|x64.ActiveCfg = Release|Any CPU
		{73422E05-360E-43B8-9A1C-EA018A827A7C}.Release|x64.Build.0 = Release|Any CPU
		{73422E05-360E-43B8-9A1C-EA018A827A7C}.Release|x86.ActiveCfg = Release|Any CPU
		{73422E05-360E-43B8-9A1C-EA018A827A7C}.Release|x86.Build.0 = Release|Any CPU
		{C5355B52-2582-4EFD-A8B2-9492DFCBA339}.Debug|Any CPU.ActiveCfg = Debug|Any CPU
		{C5355B52-2582-4EFD-A8B2-9492DFCBA339}.Debug|Any CPU.Build.0 = Debug|Any CPU
		{C5355B52-2582-4EFD-A8B2-9492DFCBA339}.Debug|ARM.ActiveCfg = Debug|Any CPU
		{C5355B52-2582-4EFD-A8B2-9492DFCBA339}.Debug|ARM.Build.0 = Debug|Any CPU
		{C5355B52-2582-4EFD-A8B2-9492DFCBA339}.Debug|ARM64.ActiveCfg = Debug|Any CPU
		{C5355B52-2582-4EFD-A8B2-9492DFCBA339}.Debug|ARM64.Build.0 = Debug|Any CPU
		{C5355B52-2582-4EFD-A8B2-9492DFCBA339}.Debug|x64.ActiveCfg = Debug|Any CPU
		{C5355B52-2582-4EFD-A8B2-9492DFCBA339}.Debug|x64.Build.0 = Debug|Any CPU
		{C5355B52-2582-4EFD-A8B2-9492DFCBA339}.Debug|x86.ActiveCfg = Debug|Any CPU
		{C5355B52-2582-4EFD-A8B2-9492DFCBA339}.Debug|x86.Build.0 = Debug|Any CPU
		{C5355B52-2582-4EFD-A8B2-9492DFCBA339}.Release|Any CPU.ActiveCfg = Release|Any CPU
		{C5355B52-2582-4EFD-A8B2-9492DFCBA339}.Release|Any CPU.Build.0 = Release|Any CPU
		{C5355B52-2582-4EFD-A8B2-9492DFCBA339}.Release|ARM.ActiveCfg = Release|Any CPU
		{C5355B52-2582-4EFD-A8B2-9492DFCBA339}.Release|ARM.Build.0 = Release|Any CPU
		{C5355B52-2582-4EFD-A8B2-9492DFCBA339}.Release|ARM64.ActiveCfg = Release|Any CPU
		{C5355B52-2582-4EFD-A8B2-9492DFCBA339}.Release|ARM64.Build.0 = Release|Any CPU
		{C5355B52-2582-4EFD-A8B2-9492DFCBA339}.Release|x64.ActiveCfg = Release|Any CPU
		{C5355B52-2582-4EFD-A8B2-9492DFCBA339}.Release|x64.Build.0 = Release|Any CPU
		{C5355B52-2582-4EFD-A8B2-9492DFCBA339}.Release|x86.ActiveCfg = Release|Any CPU
		{C5355B52-2582-4EFD-A8B2-9492DFCBA339}.Release|x86.Build.0 = Release|Any CPU
	EndGlobalSection
	GlobalSection(SolutionProperties) = preSolution
		HideSolutionNode = FALSE
	EndGlobalSection
	GlobalSection(ExtensibilityGlobals) = postSolution
		SolutionGuid = {215A4274-55E7-458D-8123-66915CB9E338}
	EndGlobalSection
EndGlobal
